
Microsoft Visual Studio Solution File, Format Version 12.00
# Visual Studio Version 17
VisualStudioVersion = 17.7.34221.43
MinimumVisualStudioVersion = 10.0.40219.1
Project("{FAE04EC0-301F-11D3-BF4B-00C04F79EFBC}") = "Tinbite's Startup Security", "Tinbite's Startup Security\Tinbite's Startup Security.csproj", "{58AB0C1D-11A6-4165-A026-A29C5C019560}"
EndProject
Global
	GlobalSection(SolutionConfigurationPlatforms) = preSolution
		Debug|Any CPU = Debug|Any CPU
		Release|Any CPU = Release|Any CPU
	EndGlobalSection
	GlobalSection(ProjectConfigurationPlatforms) = postSolution
		{58AB0C1D-11A6-4165-A026-A29C5C019560}.Debug|Any CPU.ActiveCfg = Debug|Any CPU
		{58AB0C1D-11A6-4165-A026-A29C5C019560}.Debug|Any CPU.Build.0 = Debug|Any CPU
		{58AB0C1D-11A6-4165-A026-A29C5C019560}.Release|Any CPU.ActiveCfg = Release|Any CPU
		{58AB0C1D-11A6-4165-A026-A29C5C019560}.Release|Any CPU.Build.0 = Release|Any CPU
	EndGlobalSection
	GlobalSection(SolutionProperties) = preSolution
		HideSolutionNode = FALSE
	EndGlobalSection
	GlobalSection(ExtensibilityGlobals) = postSolution
		SolutionGuid = {376DE87C-ABE8-4FD2-A810-94CE5CCD7ADD}
	EndGlobalSection
EndGlobal
